Microsoft Visual Studio Solution File, Format Version 11.00
# Visual Studio 2008

Project("{395BE348-9EE9-5EA7-EC52-555FBCFD4D6A}") = "alien_tiro", "Assembly-CSharp.csproj", "{3CA835DE-014B-955E-1CE8-101970A4984A}"
EndProject
Global
	GlobalSection(SolutionConfigurationPlatforms) = preSolution
		Debug|Any CPU = Debug|Any CPU
		Release|Any CPU = Release|Any CPU
	EndGlobalSection
	GlobalSection(ProjectConfigurationPlatforms) = postSolution
		{3CA835DE-014B-955E-1CE8-101970A4984A}.Debug|Any CPU.ActiveCfg = Debug|Any CPU
		{3CA835DE-014B-955E-1CE8-101970A4984A}.Debug|Any CPU.Build.0 = Debug|Any CPU
		{3CA835DE-014B-955E-1CE8-101970A4984A}.Release|Any CPU.ActiveCfg = Release|Any CPU
		{3CA835DE-014B-955E-1CE8-101970A4984A}.Release|Any CPU.Build.0 = Release|Any CPU
	EndGlobalSection
	GlobalSection(SolutionProperties) = preSolution
		HideSolutionNode = FALSE
	EndGlobalSection
	GlobalSection(MonoDevelopProperties) = preSolution
		StartupItem = Assembly-CSharp.csproj
	EndGlobalSection
EndGlobal
